
Microsoft Visual Studio Solution File, Format Version 12.00
# Visual Studio 15
VisualStudioVersion = 15.0.27703.1
MinimumVisualStudioVersion = 10.0.40219.1
Project("{FAE04EC0-301F-11D3-BF4B-00C04F79EFBC}") = "MobileTest1.Android", "MobileTest1\MobileTest1.Android\MobileTest1.Android.csproj", "{9564B869-AE97-4F40-9474-A8CCBD2A6CDB}"
EndProject
Project("{FAE04EC0-301F-11D3-BF4B-00C04F79EFBC}") = "MobileTest1.iOS", "MobileTest1\MobileTest1.iOS\MobileTest1.iOS.csproj", "{17131540-48E0-4EB9-9CBD-A34722EB1091}"
EndProject
Project("{9A19103F-16F7-4668-BE54-9A1E7A4F7556}") = "MobileTest1", "MobileTest1\MobileTest1\MobileTest1.csproj", "{42B518F8-6589-464F-B121-D3D2ED496508}"
EndProject
Project("{FAE04EC0-301F-11D3-BF4B-00C04F79EFBC}") = "UITest1", "UITest1\UITest1.csproj", "{B19C892E-2628-4CA7-AD27-08D406A3B14B}"
EndProject
Project("{FAE04EC0-301F-11D3-BF4B-00C04F79EFBC}") = "iosNative.Android", "iosNative\iosNative\iosNative.Android\iosNative.Android.csproj", "{B6EB374B-1406-4BBB-AB17-D47633B4E14A}"
EndProject
Project("{FAE04EC0-301F-11D3-BF4B-00C04F79EFBC}") = "iosNative.iOS", "iosNative\iosNative\iosNative.iOS\iosNative.iOS.csproj", "{538E1A72-4FA7-4FB8-AACA-A617B5D0E312}"
EndProject
Project("{D954291E-2A0B-460D-934E-DC6B0785DB48}") = "iosNative", "iosNative\iosNative\iosNative\iosNative.shproj", "{3508E66A-2840-4312-9146-AF8CBC01328D}"
EndProject
Project("{FAE04EC0-301F-11D3-BF4B-00C04F79EFBC}") = "BlankApp.Android", "BlankApp\BlankApp.Android\BlankApp.Android.csproj", "{1B2F9AB6-96B4-4745-84EA-81E02C126662}"
EndProject
Project("{FAE04EC0-301F-11D3-BF4B-00C04F79EFBC}") = "BlankApp.iOS", "BlankApp\BlankApp.iOS\BlankApp.iOS.csproj", "{025D3082-EFF4-49C4-8C2D-D56619BA6FDD}"
EndProject
Project("{FAE04EC0-301F-11D3-BF4B-00C04F79EFBC}") = "BlankApp", "BlankApp\BlankApp\BlankApp.csproj", "{F627D708-DB8A-4DD9-837C-55CE69105B71}"
EndProject
Project("{2150E333-8FDC-42A3-9474-1A3956D46DE8}") = "MasterDetail", "MasterDetail", "{DD8AE890-E72B-4E8B-8EC4-DE4E4379DB99}"
EndProject
Project("{2150E333-8FDC-42A3-9474-1A3956D46DE8}") = "NativeBuild", "NativeBuild", "{34C609A9-2A9B-4F27-9E2B-B90825A0EE75}"
EndProject
Project("{2150E333-8FDC-42A3-9474-1A3956D46DE8}") = "Blank", "Blank", "{C277842B-530F-4BE9-AC7B-97307D3E6B22}"
EndProject
Global
	GlobalSection(SharedMSBuildProjectFiles) = preSolution
		iosNative\iosNative\iosNative\iosNative.projitems*{3508e66a-2840-4312-9146-af8cbc01328d}*SharedItemsImports = 13
		iosNative\iosNative\iosNative\iosNative.projitems*{538e1a72-4fa7-4fb8-aaca-a617b5d0e312}*SharedItemsImports = 4
		iosNative\iosNative\iosNative\iosNative.projitems*{b6eb374b-1406-4bbb-ab17-d47633b4e14a}*SharedItemsImports = 4
	EndGlobalSection
	GlobalSection(SolutionConfigurationPlatforms) = preSolution
		Ad-Hoc|Any CPU = Ad-Hoc|Any CPU
		Ad-Hoc|ARM = Ad-Hoc|ARM
		Ad-Hoc|iPhone = Ad-Hoc|iPhone
		Ad-Hoc|iPhoneSimulator = Ad-Hoc|iPhoneSimulator
		Ad-Hoc|x64 = Ad-Hoc|x64
		Ad-Hoc|x86 = Ad-Hoc|x86
		AppStore|Any CPU = AppStore|Any CPU
		AppStore|ARM = AppStore|ARM
		AppStore|iPhone = AppStore|iPhone
		AppStore|iPhoneSimulator = AppStore|iPhoneSimulator
		AppStore|x64 = AppStore|x64
		AppStore|x86 = AppStore|x86
		Debug|Any CPU = Debug|Any CPU
		Debug|ARM = Debug|ARM
		Debug|iPhone = Debug|iPhone
		Debug|iPhoneSimulator = Debug|iPhoneSimulator
		Debug|x64 = Debug|x64
		Debug|x86 = Debug|x86
		Release|Any CPU = Release|Any CPU
		Release|ARM = Release|ARM
		Release|iPhone = Release|iPhone
		Release|iPhoneSimulator = Release|iPhoneSimulator
		Release|x64 = Release|x64
		Release|x86 = Release|x86
	EndGlobalSection
	GlobalSection(ProjectConfigurationPlatforms) = postSolution
		{9564B869-AE97-4F40-9474-A8CCBD2A6CDB}.Ad-Hoc|Any CPU.ActiveCfg = Release|Any CPU
		{9564B869-AE97-4F40-9474-A8CCBD2A6CDB}.Ad-Hoc|Any CPU.Build.0 = Release|Any CPU
		{9564B869-AE97-4F40-9474-A8CCBD2A6CDB}.Ad-Hoc|Any CPU.Deploy.0 = Release|Any CPU
		{9564B869-AE97-4F40-9474-A8CCBD2A6CDB}.Ad-Hoc|ARM.ActiveCfg = Release|Any CPU
		{9564B869-AE97-4F40-9474-A8CCBD2A6CDB}.Ad-Hoc|ARM.Build.0 = Release|Any CPU
		{9564B869-AE97-4F40-9474-A8CCBD2A6CDB}.Ad-Hoc|ARM.Deploy.0 = Release|Any CPU
		{9564B869-AE97-4F40-9474-A8CCBD2A6CDB}.Ad-Hoc|iPhone.ActiveCfg = Release|Any CPU
		{9564B869-AE97-4F40-9474-A8CCBD2A6CDB}.Ad-Hoc|iPhone.Build.0 = Release|Any CPU
		{9564B869-AE97-4F40-9474-A8CCBD2A6CDB}.Ad-Hoc|iPhone.Deploy.0 = Release|Any CPU
		{9564B869-AE97-4F40-9474-A8CCBD2A6CDB}.Ad-Hoc|iPhoneSimulator.ActiveCfg = Release|Any CPU
		{9564B869-AE97-4F40-9474-A8CCBD2A6CDB}.Ad-Hoc|iPhoneSimulator.Build.0 = Release|Any CPU
		{9564B869-AE97-4F40-9474-A8CCBD2A6CDB}.Ad-Hoc|iPhoneSimulator.Deploy.0 = Release|Any CPU
		{9564B869-AE97-4F40-9474-A8CCBD2A6CDB}.Ad-Hoc|x64.ActiveCfg = Release|Any CPU
		{9564B869-AE97-4F40-9474-A8CCBD2A6CDB}.Ad-Hoc|x64.Build.0 = Release|Any CPU
		{9564B869-AE97-4F40-9474-A8CCBD2A6CDB}.Ad-Hoc|x64.Deploy.0 = Release|Any CPU
		{9564B869-AE97-4F40-9474-A8CCBD2A6CDB}.Ad-Hoc|x86.ActiveCfg = Release|Any CPU
		{9564B869-AE97-4F40-9474-A8CCBD2A6CDB}.Ad-Hoc|x86.Build.0 = Release|Any CPU
		{9564B869-AE97-4F40-9474-A8CCBD2A6CDB}.Ad-Hoc|x86.Deploy.0 = Release|Any CPU
		{9564B869-AE97-4F40-9474-A8CCBD2A6CDB}.AppStore|Any CPU.ActiveCfg = Release|Any CPU
		{9564B869-AE97-4F40-9474-A8CCBD2A6CDB}.AppStore|Any CPU.Build.0 = Release|Any CPU
		{9564B869-AE97-4F40-9474-A8CCBD2A6CDB}.AppStore|Any CPU.Deploy.0 = Release|Any CPU
		{9564B869-AE97-4F40-9474-A8CCBD2A6CDB}.AppStore|ARM.ActiveCfg = Release|Any CPU
		{9564B869-AE97-4F40-9474-A8CCBD2A6CDB}.AppStore|ARM.Build.0 = Release|Any CPU
		{9564B869-AE97-4F40-9474-A8CCBD2A6CDB}.AppStore|ARM.Deploy.0 = Release|Any CPU
		{9564B869-AE97-4F40-9474-A8CCBD2A6CDB}.AppStore|iPhone.ActiveCfg = Release|Any CPU
		{9564B869-AE97-4F40-9474-A8CCBD2A6CDB}.AppStore|iPhone.Build.0 = Release|Any CPU
		{9564B869-AE97-4F40-9474-A8CCBD2A6CDB}.AppStore|iPhone.Deploy.0 = Release|Any CPU
		{9564B869-AE97-4F40-9474-A8CCBD2A6CDB}.AppStore|iPhoneSimulator.ActiveCfg = Release|Any CPU
		{9564B869-AE97-4F40-9474-A8CCBD2A6CDB}.AppStore|iPhoneSimulator.Build.0 = Release|Any CPU
		{9564B869-AE97-4F40-9474-A8CCBD2A6CDB}.AppStore|iPhoneSimulator.Deploy.0 = Release|Any CPU
		{9564B869-AE97-4F40-9474-A8CCBD2A6CDB}.AppStore|x64.ActiveCfg = Release|Any CPU
		{9564B869-AE97-4F40-9474-A8CCBD2A6CDB}.AppStore|x64.Build.0 = Release|Any CPU
		{9564B869-AE97-4F40-9474-A8CCBD2A6CDB}.AppStore|x64.Deploy.0 = Release|Any CPU
		{9564B869-AE97-4F40-9474-A8CCBD2A6CDB}.AppStore|x86.ActiveCfg = Release|Any CPU
		{9564B869-AE97-4F40-9474-A8CCBD2A6CDB}.AppStore|x86.Build.0 = Release|Any CPU
		{9564B869-AE97-4F40-9474-A8CCBD2A6CDB}.AppStore|x86.Deploy.0 = Release|Any CPU
		{9564B869-AE97-4F40-9474-A8CCBD2A6CDB}.Debug|Any CPU.ActiveCfg = Debug|Any CPU
		{9564B869-AE97-4F40-9474-A8CCBD2A6CDB}.Debug|Any CPU.Build.0 = Debug|Any CPU
		{9564B869-AE97-4F40-9474-A8CCBD2A6CDB}.Debug|Any CPU.Deploy.0 = Debug|Any CPU
		{9564B869-AE97-4F40-9474-A8CCBD2A6CDB}.Debug|ARM.ActiveCfg = Debug|Any CPU
		{9564B869-AE97-4F40-9474-A8CCBD2A6CDB}.Debug|ARM.Build.0 = Debug|Any CPU
		{9564B869-AE97-4F40-9474-A8CCBD2A6CDB}.Debug|ARM.Deploy.0 = Debug|Any CPU
		{9564B869-AE97-4F40-9474-A8CCBD2A6CDB}.Debug|iPhone.ActiveCfg = Debug|Any CPU
		{9564B869-AE97-4F40-9474-A8CCBD2A6CDB}.Debug|iPhone.Build.0 = Debug|Any CPU
		{9564B869-AE97-4F40-9474-A8CCBD2A6CDB}.Debug|iPhone.Deploy.0 = Debug|Any CPU
		{9564B869-AE97-4F40-9474-A8CCBD2A6CDB}.Debug|iPhoneSimulator.ActiveCfg = Debug|Any CPU
		{9564B869-AE97-4F40-9474-A8CCBD2A6CDB}.Debug|iPhoneSimulator.Build.0 = Debug|Any CPU
		{9564B869-AE97-4F40-9474-A8CCBD2A6CDB}.Debug|iPhoneSimulator.Deploy.0 = Debug|Any CPU
		{9564B869-AE97-4F40-9474-A8CCBD2A6CDB}.Debug|x64.ActiveCfg = Debug|Any CPU
		{9564B869-AE97-4F40-9474-A8CCBD2A6CDB}.Debug|x64.Build.0 = Debug|Any CPU
		{9564B869-AE97-4F40-9474-A8CCBD2A6CDB}.Debug|x64.Deploy.0 = Debug|Any CPU
		{9564B869-AE97-4F40-9474-A8CCBD2A6CDB}.Debug|x86.ActiveCfg = Debug|Any CPU
		{9564B869-AE97-4F40-9474-A8CCBD2A6CDB}.Debug|x86.Build.0 = Debug|Any CPU
		{9564B869-AE97-4F40-9474-A8CCBD2A6CDB}.Debug|x86.Deploy.0 = Debug|Any CPU
		{9564B869-AE97-4F40-9474-A8CCBD2A6CDB}.Release|Any CPU.ActiveCfg = Release|Any CPU
		{9564B869-AE97-4F40-9474-A8CCBD2A6CDB}.Release|Any CPU.Build.0 = Release|Any CPU
		{9564B869-AE97-4F40-9474-A8CCBD2A6CDB}.Release|Any CPU.Deploy.0 = Release|Any CPU
		{9564B869-AE97-4F40-9474-A8CCBD2A6CDB}.Release|ARM.ActiveCfg = Release|Any CPU
		{9564B869-AE97-4F40-9474-A8CCBD2A6CDB}.Release|ARM.Build.0 = Release|Any CPU
		{9564B869-AE97-4F40-9474-A8CCBD2A6CDB}.Release|ARM.Deploy.0 = Release|Any CPU
		{9564B869-AE97-4F40-9474-A8CCBD2A6CDB}.Release|iPhone.ActiveCfg = Release|Any CPU
		{9564B869-AE97-4F40-9474-A8CCBD2A6CDB}.Release|iPhone.Build.0 = Release|Any CPU
		{9564B869-AE97-4F40-9474-A8CCBD2A6CDB}.Release|iPhone.Deploy.0 = Release|Any CPU
		{9564B869-AE97-4F40-9474-A8CCBD2A6CDB}.Release|iPhoneSimulator.ActiveCfg = Release|Any CPU
		{9564B869-AE97-4F40-9474-A8CCBD2A6CDB}.Release|iPhoneSimulator.Build.0 = Release|Any CPU
		{9564B869-AE97-4F40-9474-A8CCBD2A6CDB}.Release|iPhoneSimulator.Deploy.0 = Release|Any CPU
		{9564B869-AE97-4F40-9474-A8CCBD2A6CDB}.Release|x64.ActiveCfg = Release|Any CPU
		{9564B869-AE97-4F40-9474-A8CCBD2A6CDB}.Release|x64.Build.0 = Release|Any CPU
		{9564B869-AE97-4F40-9474-A8CCBD2A6CDB}.Release|x64.Deploy.0 = Release|Any CPU
		{9564B869-AE97-4F40-9474-A8CCBD2A6CDB}.Release|x86.ActiveCfg = Release|Any CPU
		{9564B869-AE97-4F40-9474-A8CCBD2A6CDB}.Release|x86.Build.0 = Release|Any CPU
		{9564B869-AE97-4F40-9474-A8CCBD2A6CDB}.Release|x86.Deploy.0 = Release|Any CPU
		{17131540-48E0-4EB9-9CBD-A34722EB1091}.Ad-Hoc|Any CPU.ActiveCfg = Release|iPhoneSimulator
		{17131540-48E0-4EB9-9CBD-A34722EB1091}.Ad-Hoc|Any CPU.Build.0 = Release|iPhoneSimulator
		{17131540-48E0-4EB9-9CBD-A34722EB1091}.Ad-Hoc|ARM.ActiveCfg = Release|iPhoneSimulator
		{17131540-48E0-4EB9-9CBD-A34722EB1091}.Ad-Hoc|ARM.Build.0 = Release|iPhoneSimulator
		{17131540-48E0-4EB9-9CBD-A34722EB1091}.Ad-Hoc|iPhone.ActiveCfg = Release|iPhone
		{17131540-48E0-4EB9-9CBD-A34722EB1091}.Ad-Hoc|iPhone.Build.0 = Release|iPhone
		{17131540-48E0-4EB9-9CBD-A34722EB1091}.Ad-Hoc|iPhoneSimulator.ActiveCfg = Release|iPhoneSimulator
		{17131540-48E0-4EB9-9CBD-A34722EB1091}.Ad-Hoc|iPhoneSimulator.Build.0 = Release|iPhoneSimulator
		{17131540-48E0-4EB9-9CBD-A34722EB1091}.Ad-Hoc|x64.ActiveCfg = Release|iPhoneSimulator
		{17131540-48E0-4EB9-9CBD-A34722EB1091}.Ad-Hoc|x64.Build.0 = Release|iPhoneSimulator
		{17131540-48E0-4EB9-9CBD-A34722EB1091}.Ad-Hoc|x86.ActiveCfg = Release|iPhoneSimulator
		{17131540-48E0-4EB9-9CBD-A34722EB1091}.Ad-Hoc|x86.Build.0 = Release|iPhoneSimulator
		{17131540-48E0-4EB9-9CBD-A34722EB1091}.AppStore|Any CPU.ActiveCfg = Release|iPhoneSimulator
		{17131540-48E0-4EB9-9CBD-A34722EB1091}.AppStore|Any CPU.Build.0 = Release|iPhoneSimulator
		{17131540-48E0-4EB9-9CBD-A34722EB1091}.AppStore|ARM.ActiveCfg = Release|iPhoneSimulator
		{17131540-48E0-4EB9-9CBD-A34722EB1091}.AppStore|ARM.Build.0 = Release|iPhoneSimulator
		{17131540-48E0-4EB9-9CBD-A34722EB1091}.AppStore|iPhone.ActiveCfg = Release|iPhone
		{17131540-48E0-4EB9-9CBD-A34722EB1091}.AppStore|iPhone.Build.0 = Release|iPhone
		{17131540-48E0-4EB9-9CBD-A34722EB1091}.AppStore|iPhoneSimulator.ActiveCfg = Release|iPhoneSimulator
		{17131540-48E0-4EB9-9CBD-A34722EB1091}.AppStore|iPhoneSimulator.Build.0 = Release|iPhoneSimulator
		{17131540-48E0-4EB9-9CBD-A34722EB1091}.AppStore|x64.ActiveCfg = Release|iPhoneSimulator
		{17131540-48E0-4EB9-9CBD-A34722EB1091}.AppStore|x64.Build.0 = Release|iPhoneSimulator
		{17131540-48E0-4EB9-9CBD-A34722EB1091}.AppStore|x86.ActiveCfg = Release|iPhoneSimulator
		{17131540-48E0-4EB9-9CBD-A34722EB1091}.AppStore|x86.Build.0 = Release|iPhoneSimulator
		{17131540-48E0-4EB9-9CBD-A34722EB1091}.Debug|Any CPU.ActiveCfg = Debug|iPhoneSimulator
		{17131540-48E0-4EB9-9CBD-A34722EB1091}.Debug|Any CPU.Build.0 = Debug|iPhoneSimulator
		{17131540-48E0-4EB9-9CBD-A34722EB1091}.Debug|Any CPU.Deploy.0 = Debug|iPhoneSimulator
		{17131540-48E0-4EB9-9CBD-A34722EB1091}.Debug|ARM.ActiveCfg = Debug|iPhone
		{17131540-48E0-4EB9-9CBD-A34722EB1091}.Debug|iPhone.ActiveCfg = Debug|iPhone
		{17131540-48E0-4EB9-9CBD-A34722EB1091}.Debug|iPhone.Build.0 = Debug|iPhone
		{17131540-48E0-4EB9-9CBD-A34722EB1091}.Debug|iPhone.Deploy.0 = Debug|iPhone
		{17131540-48E0-4EB9-9CBD-A34722EB1091}.Debug|iPhoneSimulator.ActiveCfg = Debug|iPhoneSimulator
		{17131540-48E0-4EB9-9CBD-A34722EB1091}.Debug|iPhoneSimulator.Build.0 = Debug|iPhoneSimulator
		{17131540-48E0-4EB9-9CBD-A34722EB1091}.Debug|iPhoneSimulator.Deploy.0 = Debug|iPhoneSimulator
		{17131540-48E0-4EB9-9CBD-A34722EB1091}.Debug|x64.ActiveCfg = Debug|iPhone
		{17131540-48E0-4EB9-9CBD-A34722EB1091}.Debug|x86.ActiveCfg = Debug|iPhone
		{17131540-48E0-4EB9-9CBD-A34722EB1091}.Release|Any CPU.ActiveCfg = Release|iPhone
		{17131540-48E0-4EB9-9CBD-A34722EB1091}.Release|Any CPU.Build.0 = Release|iPhone
		{17131540-48E0-4EB9-9CBD-A34722EB1091}.Release|Any CPU.Deploy.0 = Release|iPhone
		{17131540-48E0-4EB9-9CBD-A34722EB1091}.Release|ARM.ActiveCfg = Release|iPhoneSimulator
		{17131540-48E0-4EB9-9CBD-A34722EB1091}.Release|iPhone.ActiveCfg = Release|iPhone
		{17131540-48E0-4EB9-9CBD-A34722EB1091}.Release|iPhone.Build.0 = Release|iPhone
		{17131540-48E0-4EB9-9CBD-A34722EB1091}.Release|iPhone.Deploy.0 = Release|iPhone
		{17131540-48E0-4EB9-9CBD-A34722EB1091}.Release|iPhoneSimulator.ActiveCfg = Release|iPhoneSimulator
		{17131540-48E0-4EB9-9CBD-A34722EB1091}.Release|iPhoneSimulator.Build.0 = Release|iPhoneSimulator
		{17131540-48E0-4EB9-9CBD-A34722EB1091}.Release|iPhoneSimulator.Deploy.0 = Release|iPhoneSimulator
		{17131540-48E0-4EB9-9CBD-A34722EB1091}.Release|x64.ActiveCfg = Release|iPhoneSimulator
		{17131540-48E0-4EB9-9CBD-A34722EB1091}.Release|x86.ActiveCfg = Release|iPhoneSimulator
		{42B518F8-6589-464F-B121-D3D2ED496508}.Ad-Hoc|Any CPU.ActiveCfg = Release|Any CPU
		{42B518F8-6589-464F-B121-D3D2ED496508}.Ad-Hoc|Any CPU.Build.0 = Release|Any CPU
		{42B518F8-6589-464F-B121-D3D2ED496508}.Ad-Hoc|ARM.ActiveCfg = Release|Any CPU
		{42B518F8-6589-464F-B121-D3D2ED496508}.Ad-Hoc|ARM.Build.0 = Release|Any CPU
		{42B518F8-6589-464F-B121-D3D2ED496508}.Ad-Hoc|iPhone.ActiveCfg = Release|Any CPU
		{42B518F8-6589-464F-B121-D3D2ED496508}.Ad-Hoc|iPhone.Build.0 = Release|Any CPU
		{42B518F8-6589-464F-B121-D3D2ED496508}.Ad-Hoc|iPhoneSimulator.ActiveCfg = Release|Any CPU
		{42B518F8-6589-464F-B121-D3D2ED496508}.Ad-Hoc|iPhoneSimulator.Build.0 = Release|Any CPU
		{42B518F8-6589-464F-B121-D3D2ED496508}.Ad-Hoc|x64.ActiveCfg = Release|Any CPU
		{42B518F8-6589-464F-B121-D3D2ED496508}.Ad-Hoc|x64.Build.0 = Release|Any CPU
		{42B518F8-6589-464F-B121-D3D2ED496508}.Ad-Hoc|x86.ActiveCfg = Release|Any CPU
		{42B518F8-6589-464F-B121-D3D2ED496508}.Ad-Hoc|x86.Build.0 = Release|Any CPU
		{42B518F8-6589-464F-B121-D3D2ED496508}.AppStore|Any CPU.ActiveCfg = Release|Any CPU
		{42B518F8-6589-464F-B121-D3D2ED496508}.AppStore|Any CPU.Build.0 = Release|Any CPU
		{42B518F8-6589-464F-B121-D3D2ED496508}.AppStore|ARM.ActiveCfg = Release|Any CPU
		{42B518F8-6589-464F-B121-D3D2ED496508}.AppStore|ARM.Build.0 = Release|Any CPU
		{42B518F8-6589-464F-B121-D3D2ED496508}.AppStore|iPhone.ActiveCfg = Release|Any CPU
		{42B518F8-6589-464F-B121-D3D2ED496508}.AppStore|iPhone.Build.0 = Release|Any CPU
		{42B518F8-6589-464F-B121-D3D2ED496508}.AppStore|iPhoneSimulator.ActiveCfg = Release|Any CPU
		{42B518F8-6589-464F-B121-D3D2ED496508}.AppStore|iPhoneSimulator.Build.0 = Release|Any CPU
		{42B518F8-6589-464F-B121-D3D2ED496508}.AppStore|x64.ActiveCfg = Release|Any CPU
		{42B518F8-6589-464F-B121-D3D2ED496508}.AppStore|x64.Build.0 = Release|Any CPU
		{42B518F8-6589-464F-B121-D3D2ED496508}.AppStore|x86.ActiveCfg = Release|Any CPU
		{42B518F8-6589-464F-B121-D3D2ED496508}.AppStore|x86.Build.0 = Release|Any CPU
		{42B518F8-6589-464F-B121-D3D2ED496508}.Debug|Any CPU.ActiveCfg = Debug|Any CPU
		{42B518F8-6589-464F-B121-D3D2ED496508}.Debug|Any CPU.Build.0 = Debug|Any CPU
		{42B518F8-6589-464F-B121-D3D2ED496508}.Debug|Any CPU.Deploy.0 = Debug|Any CPU
		{42B518F8-6589-464F-B121-D3D2ED496508}.Debug|ARM.ActiveCfg = Debug|Any CPU
		{42B518F8-6589-464F-B121-D3D2ED496508}.Debug|ARM.Build.0 = Debug|Any CPU
		{42B518F8-6589-464F-B121-D3D2ED496508}.Debug|iPhone.ActiveCfg = Debug|Any CPU
		{42B518F8-6589-464F-B121-D3D2ED496508}.Debug|iPhone.Build.0 = Debug|Any CPU
		{42B518F8-6589-464F-B121-D3D2ED496508}.Debug|iPhone.Deploy.0 = Debug|Any CPU
		{42B518F8-6589-464F-B121-D3D2ED496508}.Debug|iPhoneSimulator.ActiveCfg = Debug|Any CPU
		{42B518F8-6589-464F-B121-D3D2ED496508}.Debug|iPhoneSimulator.Build.0 = Debug|Any CPU
		{42B518F8-6589-464F-B121-D3D2ED496508}.Debug|iPhoneSimulator.Deploy.0 = Debug|Any CPU
		{42B518F8-6589-464F-B121-D3D2ED496508}.Debug|x64.ActiveCfg = Debug|Any CPU
		{42B518F8-6589-464F-B121-D3D2ED496508}.Debug|x64.Build.0 = Debug|Any CPU
		{42B518F8-6589-464F-B121-D3D2ED496508}.Debug|x86.ActiveCfg = Debug|Any CPU
		{42B518F8-6589-464F-B121-D3D2ED496508}.Debug|x86.Build.0 = Debug|Any CPU
		{42B518F8-6589-464F-B121-D3D2ED496508}.Release|Any CPU.ActiveCfg = Release|Any CPU
		{42B518F8-6589-464F-B121-D3D2ED496508}.Release|Any CPU.Build.0 = Release|Any CPU
		{42B518F8-6589-464F-B121-D3D2ED496508}.Release|Any CPU.Deploy.0 = Release|Any CPU
		{42B518F8-6589-464F-B121-D3D2ED496508}.Release|ARM.ActiveCfg = Release|Any CPU
		{42B518F8-6589-464F-B121-D3D2ED496508}.Release|ARM.Build.0 = Release|Any CPU
		{42B518F8-6589-464F-B121-D3D2ED496508}.Release|iPhone.ActiveCfg = Release|Any CPU
		{42B518F8-6589-464F-B121-D3D2ED496508}.Release|iPhone.Build.0 = Release|Any CPU
		{42B518F8-6589-464F-B121-D3D2ED496508}.Release|iPhone.Deploy.0 = Release|Any CPU
		{42B518F8-6589-464F-B121-D3D2ED496508}.Release|iPhoneSimulator.ActiveCfg = Release|Any CPU
		{42B518F8-6589-464F-B121-D3D2ED496508}.Release|iPhoneSimulator.Build.0 = Release|Any CPU
		{42B518F8-6589-464F-B121-D3D2ED496508}.Release|iPhoneSimulator.Deploy.0 = Release|Any CPU
		{42B518F8-6589-464F-B121-D3D2ED496508}.Release|x64.ActiveCfg = Release|Any CPU
		{42B518F8-6589-464F-B121-D3D2ED496508}.Release|x64.Build.0 = Release|Any CPU
		{42B518F8-6589-464F-B121-D3D2ED496508}.Release|x86.ActiveCfg = Release|Any CPU
		{42B518F8-6589-464F-B121-D3D2ED496508}.Release|x86.Build.0 = Release|Any CPU
		{B19C892E-2628-4CA7-AD27-08D406A3B14B}.Ad-Hoc|Any CPU.ActiveCfg = Release|Any CPU
		{B19C892E-2628-4CA7-AD27-08D406A3B14B}.Ad-Hoc|Any CPU.Build.0 = Release|Any CPU
		{B19C892E-2628-4CA7-AD27-08D406A3B14B}.Ad-Hoc|ARM.ActiveCfg = Release|Any CPU
		{B19C892E-2628-4CA7-AD27-08D406A3B14B}.Ad-Hoc|ARM.Build.0 = Release|Any CPU
		{B19C892E-2628-4CA7-AD27-08D406A3B14B}.Ad-Hoc|iPhone.ActiveCfg = Release|Any CPU
		{B19C892E-2628-4CA7-AD27-08D406A3B14B}.Ad-Hoc|iPhone.Build.0 = Release|Any CPU
		{B19C892E-2628-4CA7-AD27-08D406A3B14B}.Ad-Hoc|iPhoneSimulator.ActiveCfg = Release|Any CPU
		{B19C892E-2628-4CA7-AD27-08D406A3B14B}.Ad-Hoc|iPhoneSimulator.Build.0 = Release|Any CPU
		{B19C892E-2628-4CA7-AD27-08D406A3B14B}.Ad-Hoc|x64.ActiveCfg = Release|Any CPU
		{B19C892E-2628-4CA7-AD27-08D406A3B14B}.Ad-Hoc|x64.Build.0 = Release|Any CPU
		{B19C892E-2628-4CA7-AD27-08D406A3B14B}.Ad-Hoc|x86.ActiveCfg = Release|Any CPU
		{B19C892E-2628-4CA7-AD27-08D406A3B14B}.Ad-Hoc|x86.Build.0 = Release|Any CPU
		{B19C892E-2628-4CA7-AD27-08D406A3B14B}.AppStore|Any CPU.ActiveCfg = Release|Any CPU
		{B19C892E-2628-4CA7-AD27-08D406A3B14B}.AppStore|Any CPU.Build.0 = Release|Any CPU
		{B19C892E-2628-4CA7-AD27-08D406A3B14B}.AppStore|ARM.ActiveCfg = Release|Any CPU
		{B19C892E-2628-4CA7-AD27-08D406A3B14B}.AppStore|ARM.Build.0 = Release|Any CPU
		{B19C892E-2628-4CA7-AD27-08D406A3B14B}.AppStore|iPhone.ActiveCfg = Release|Any CPU
		{B19C892E-2628-4CA7-AD27-08D406A3B14B}.AppStore|iPhone.Build.0 = Release|Any CPU
		{B19C892E-2628-4CA7-AD27-08D406A3B14B}.AppStore|iPhoneSimulator.ActiveCfg = Release|Any CPU
		{B19C892E-2628-4CA7-AD27-08D406A3B14B}.AppStore|iPhoneSimulator.Build.0 = Release|Any CPU
		{B19C892E-2628-4CA7-AD27-08D406A3B14B}.AppStore|x64.ActiveCfg = Release|Any CPU
		{B19C892E-2628-4CA7-AD27-08D406A3B14B}.AppStore|x64.Build.0 = Release|Any CPU
		{B19C892E-2628-4CA7-AD27-08D406A3B14B}.AppStore|x86.ActiveCfg = Release|Any CPU
		{B19C892E-2628-4CA7-AD27-08D406A3B14B}.AppStore|x86.Build.0 = Release|Any CPU
		{B19C892E-2628-4CA7-AD27-08D406A3B14B}.Debug|Any CPU.ActiveCfg = Debug|Any CPU
		{B19C892E-2628-4CA7-AD27-08D406A3B14B}.Debug|Any CPU.Build.0 = Debug|Any CPU
		{B19C892E-2628-4CA7-AD27-08D406A3B14B}.Debug|ARM.ActiveCfg = Debug|Any CPU
		{B19C892E-2628-4CA7-AD27-08D406A3B14B}.Debug|ARM.Build.0 = Debug|Any CPU
		{B19C892E-2628-4CA7-AD27-08D406A3B14B}.Debug|iPhone.ActiveCfg = Debug|Any CPU
		{B19C892E-2628-4CA7-AD27-08D406A3B14B}.Debug|iPhone.Build.0 = Debug|Any CPU
		{B19C892E-2628-4CA7-AD27-08D406A3B14B}.Debug|iPhoneSimulator.ActiveCfg = Debug|Any CPU
		{B19C892E-2628-4CA7-AD27-08D406A3B14B}.Debug|iPhoneSimulator.Build.0 = Debug|Any CPU
		{B19C892E-2628-4CA7-AD27-08D406A3B14B}.Debug|x64.ActiveCfg = Debug|Any CPU
		{B19C892E-2628-4CA7-AD27-08D406A3B14B}.Debug|x64.Build.0 = Debug|Any CPU
		{B19C892E-2628-4CA7-AD27-08D406A3B14B}.Debug|x86.ActiveCfg = Debug|Any CPU
		{B19C892E-2628-4CA7-AD27-08D406A3B14B}.Debug|x86.Build.0 = Debug|Any CPU
		{B19C892E-2628-4CA7-AD27-08D406A3B14B}.Release|Any CPU.ActiveCfg = Release|Any CPU
		{B19C892E-2628-4CA7-AD27-08D406A3B14B}.Release|Any CPU.Build.0 = Release|Any CPU
		{B19C892E-2628-4CA7-AD27-08D406A3B14B}.Release|ARM.ActiveCfg = Release|Any CPU
		{B19C892E-2628-4CA7-AD27-08D406A3B14B}.Release|ARM.Build.0 = Release|Any CPU
		{B19C892E-2628-4CA7-AD27-08D406A3B14B}.Release|iPhone.ActiveCfg = Release|Any CPU
		{B19C892E-2628-4CA7-AD27-08D406A3B14B}.Release|iPhone.Build.0 = Release|Any CPU
		{B19C892E-2628-4CA7-AD27-08D406A3B14B}.Release|iPhoneSimulator.ActiveCfg = Release|Any CPU
		{B19C892E-2628-4CA7-AD27-08D406A3B14B}.Release|iPhoneSimulator.Build.0 = Release|Any CPU
		{B19C892E-2628-4CA7-AD27-08D406A3B14B}.Release|x64.ActiveCfg = Release|Any CPU
		{B19C892E-2628-4CA7-AD27-08D406A3B14B}.Release|x64.Build.0 = Release|Any CPU
		{B19C892E-2628-4CA7-AD27-08D406A3B14B}.Release|x86.ActiveCfg = Release|Any CPU
		{B19C892E-2628-4CA7-AD27-08D406A3B14B}.Release|x86.Build.0 = Release|Any CPU
		{B6EB374B-1406-4BBB-AB17-D47633B4E14A}.Ad-Hoc|Any CPU.ActiveCfg = Release|Any CPU
		{B6EB374B-1406-4BBB-AB17-D47633B4E14A}.Ad-Hoc|Any CPU.Build.0 = Release|Any CPU
		{B6EB374B-1406-4BBB-AB17-D47633B4E14A}.Ad-Hoc|Any CPU.Deploy.0 = Release|Any CPU
		{B6EB374B-1406-4BBB-AB17-D47633B4E14A}.Ad-Hoc|ARM.ActiveCfg = Release|Any CPU
		{B6EB374B-1406-4BBB-AB17-D47633B4E14A}.Ad-Hoc|ARM.Build.0 = Release|Any CPU
		{B6EB374B-1406-4BBB-AB17-D47633B4E14A}.Ad-Hoc|ARM.Deploy.0 = Release|Any CPU
		{B6EB374B-1406-4BBB-AB17-D47633B4E14A}.Ad-Hoc|iPhone.ActiveCfg = Release|Any CPU
		{B6EB374B-1406-4BBB-AB17-D47633B4E14A}.Ad-Hoc|iPhone.Build.0 = Release|Any CPU
		{B6EB374B-1406-4BBB-AB17-D47633B4E14A}.Ad-Hoc|iPhone.Deploy.0 = Release|Any CPU
		{B6EB374B-1406-4BBB-AB17-D47633B4E14A}.Ad-Hoc|iPhoneSimulator.ActiveCfg = Release|Any CPU
		{B6EB374B-1406-4BBB-AB17-D47633B4E14A}.Ad-Hoc|iPhoneSimulator.Build.0 = Release|Any CPU
		{B6EB374B-1406-4BBB-AB17-D47633B4E14A}.Ad-Hoc|iPhoneSimulator.Deploy.0 = Release|Any CPU
		{B6EB374B-1406-4BBB-AB17-D47633B4E14A}.Ad-Hoc|x64.ActiveCfg = Release|Any CPU
		{B6EB374B-1406-4BBB-AB17-D47633B4E14A}.Ad-Hoc|x64.Build.0 = Release|Any CPU
		{B6EB374B-1406-4BBB-AB17-D47633B4E14A}.Ad-Hoc|x64.Deploy.0 = Release|Any CPU
		{B6EB374B-1406-4BBB-AB17-D47633B4E14A}.Ad-Hoc|x86.ActiveCfg = Release|Any CPU
		{B6EB374B-1406-4BBB-AB17-D47633B4E14A}.Ad-Hoc|x86.Build.0 = Release|Any CPU
		{B6EB374B-1406-4BBB-AB17-D47633B4E14A}.Ad-Hoc|x86.Deploy.0 = Release|Any CPU
		{B6EB374B-1406-4BBB-AB17-D47633B4E14A}.AppStore|Any CPU.ActiveCfg = Release|Any CPU
		{B6EB374B-1406-4BBB-AB17-D47633B4E14A}.AppStore|Any CPU.Build.0 = Release|Any CPU
		{B6EB374B-1406-4BBB-AB17-D47633B4E14A}.AppStore|Any CPU.Deploy.0 = Release|Any CPU
		{B6EB374B-1406-4BBB-AB17-D47633B4E14A}.AppStore|ARM.ActiveCfg = Release|Any CPU
		{B6EB374B-1406-4BBB-AB17-D47633B4E14A}.AppStore|ARM.Build.0 = Release|Any CPU
		{B6EB374B-1406-4BBB-AB17-D47633B4E14A}.AppStore|ARM.Deploy.0 = Release|Any CPU
		{B6EB374B-1406-4BBB-AB17-D47633B4E14A}.AppStore|iPhone.ActiveCfg = Release|Any CPU
		{B6EB374B-1406-4BBB-AB17-D47633B4E14A}.AppStore|iPhone.Build.0 = Release|Any CPU
		{B6EB374B-1406-4BBB-AB17-D47633B4E14A}.AppStore|iPhone.Deploy.0 = Release|Any CPU
		{B6EB374B-1406-4BBB-AB17-D47633B4E14A}.AppStore|iPhoneSimulator.ActiveCfg = Release|Any CPU
		{B6EB374B-1406-4BBB-AB17-D47633B4E14A}.AppStore|iPhoneSimulator.Build.0 = Release|Any CPU
		{B6EB374B-1406-4BBB-AB17-D47633B4E14A}.AppStore|iPhoneSimulator.Deploy.0 = Release|Any CPU
		{B6EB374B-1406-4BBB-AB17-D47633B4E14A}.AppStore|x64.ActiveCfg = Release|Any CPU
		{B6EB374B-1406-4BBB-AB17-D47633B4E14A}.AppStore|x64.Build.0 = Release|Any CPU
		{B6EB374B-1406-4BBB-AB17-D47633B4E14A}.AppStore|x64.Deploy.0 = Release|Any CPU
		{B6EB374B-1406-4BBB-AB17-D47633B4E14A}.AppStore|x86.ActiveCfg = Release|Any CPU
		{B6EB374B-1406-4BBB-AB17-D47633B4E14A}.AppStore|x86.Build.0 = Release|Any CPU
		{B6EB374B-1406-4BBB-AB17-D47633B4E14A}.AppStore|x86.Deploy.0 = Release|Any CPU
		{B6EB374B-1406-4BBB-AB17-D47633B4E14A}.Debug|Any CPU.ActiveCfg = Debug|Any CPU
		{B6EB374B-1406-4BBB-AB17-D47633B4E14A}.Debug|Any CPU.Build.0 = Debug|Any CPU
		{B6EB374B-1406-4BBB-AB17-D47633B4E14A}.Debug|Any CPU.Deploy.0 = Debug|Any CPU
		{B6EB374B-1406-4BBB-AB17-D47633B4E14A}.Debug|ARM.ActiveCfg = Debug|Any CPU
		{B6EB374B-1406-4BBB-AB17-D47633B4E14A}.Debug|ARM.Build.0 = Debug|Any CPU
		{B6EB374B-1406-4BBB-AB17-D47633B4E14A}.Debug|ARM.Deploy.0 = Debug|Any CPU
		{B6EB374B-1406-4BBB-AB17-D47633B4E14A}.Debug|iPhone.ActiveCfg = Debug|Any CPU
		{B6EB374B-1406-4BBB-AB17-D47633B4E14A}.Debug|iPhone.Build.0 = Debug|Any CPU
		{B6EB374B-1406-4BBB-AB17-D47633B4E14A}.Debug|iPhone.Deploy.0 = Debug|Any CPU
		{B6EB374B-1406-4BBB-AB17-D47633B4E14A}.Debug|iPhoneSimulator.ActiveCfg = Debug|Any CPU
		{B6EB374B-1406-4BBB-AB17-D47633B4E14A}.Debug|iPhoneSimulator.Build.0 = Debug|Any CPU
		{B6EB374B-1406-4BBB-AB17-D47633B4E14A}.Debug|iPhoneSimulator.Deploy.0 = Debug|Any CPU
		{B6EB374B-1406-4BBB-AB17-D47633B4E14A}.Debug|x64.ActiveCfg = Debug|Any CPU
		{B6EB374B-1406-4BBB-AB17-D47633B4E14A}.Debug|x64.Build.0 = Debug|Any CPU
		{B6EB374B-1406-4BBB-AB17-D47633B4E14A}.Debug|x64.Deploy.0 = Debug|Any CPU
		{B6EB374B-1406-4BBB-AB17-D47633B4E14A}.Debug|x86.ActiveCfg = Debug|Any CPU
		{B6EB374B-1406-4BBB-AB17-D47633B4E14A}.Debug|x86.Build.0 = Debug|Any CPU
		{B6EB374B-1406-4BBB-AB17-D47633B4E14A}.Debug|x86.Deploy.0 = Debug|Any CPU
		{B6EB374B-1406-4BBB-AB17-D47633B4E14A}.Release|Any CPU.ActiveCfg = Release|Any CPU
		{B6EB374B-1406-4BBB-AB17-D47633B4E14A}.Release|Any CPU.Build.0 = Release|Any CPU
		{B6EB374B-1406-4BBB-AB17-D47633B4E14A}.Release|Any CPU.Deploy.0 = Release|Any CPU
		{B6EB374B-1406-4BBB-AB17-D47633B4E14A}.Release|ARM.ActiveCfg = Release|Any CPU
		{B6EB374B-1406-4BBB-AB17-D47633B4E14A}.Release|ARM.Build.0 = Release|Any CPU
		{B6EB374B-1406-4BBB-AB17-D47633B4E14A}.Release|ARM.Deploy.0 = Release|Any CPU
		{B6EB374B-1406-4BBB-AB17-D47633B4E14A}.Release|iPhone.ActiveCfg = Release|Any CPU
		{B6EB374B-1406-4BBB-AB17-D47633B4E14A}.Release|iPhone.Build.0 = Release|Any CPU
		{B6EB374B-1406-4BBB-AB17-D47633B4E14A}.Release|iPhone.Deploy.0 = Release|Any CPU
		{B6EB374B-1406-4BBB-AB17-D47633B4E14A}.Release|iPhoneSimulator.ActiveCfg = Release|Any CPU
		{B6EB374B-1406-4BBB-AB17-D47633B4E14A}.Release|iPhoneSimulator.Build.0 = Release|Any CPU
		{B6EB374B-1406-4BBB-AB17-D47633B4E14A}.Release|iPhoneSimulator.Deploy.0 = Release|Any CPU
		{B6EB374B-1406-4BBB-AB17-D47633B4E14A}.Release|x64.ActiveCfg = Release|Any CPU
		{B6EB374B-1406-4BBB-AB17-D47633B4E14A}.Release|x64.Build.0 = Release|Any CPU
		{B6EB374B-1406-4BBB-AB17-D47633B4E14A}.Release|x64.Deploy.0 = Release|Any CPU
		{B6EB374B-1406-4BBB-AB17-D47633B4E14A}.Release|x86.ActiveCfg = Release|Any CPU
		{B6EB374B-1406-4BBB-AB17-D47633B4E14A}.Release|x86.Build.0 = Release|Any CPU
		{B6EB374B-1406-4BBB-AB17-D47633B4E14A}.Release|x86.Deploy.0 = Release|Any CPU
		{538E1A72-4FA7-4FB8-AACA-A617B5D0E312}.Ad-Hoc|Any CPU.ActiveCfg = Release|iPhone
		{538E1A72-4FA7-4FB8-AACA-A617B5D0E312}.Ad-Hoc|Any CPU.Build.0 = Release|iPhone
		{538E1A72-4FA7-4FB8-AACA-A617B5D0E312}.Ad-Hoc|ARM.ActiveCfg = Release|iPhone
		{538E1A72-4FA7-4FB8-AACA-A617B5D0E312}.Ad-Hoc|ARM.Build.0 = Release|iPhone
		{538E1A72-4FA7-4FB8-AACA-A617B5D0E312}.Ad-Hoc|iPhone.ActiveCfg = Release|iPhone
		{538E1A72-4FA7-4FB8-AACA-A617B5D0E312}.Ad-Hoc|iPhone.Build.0 = Release|iPhone
		{538E1A72-4FA7-4FB8-AACA-A617B5D0E312}.Ad-Hoc|iPhoneSimulator.ActiveCfg = Release|iPhoneSimulator
		{538E1A72-4FA7-4FB8-AACA-A617B5D0E312}.Ad-Hoc|iPhoneSimulator.Build.0 = Release|iPhoneSimulator
		{538E1A72-4FA7-4FB8-AACA-A617B5D0E312}.Ad-Hoc|x64.ActiveCfg = Release|iPhone
		{538E1A72-4FA7-4FB8-AACA-A617B5D0E312}.Ad-Hoc|x64.Build.0 = Release|iPhone
		{538E1A72-4FA7-4FB8-AACA-A617B5D0E312}.Ad-Hoc|x86.ActiveCfg = Release|iPhone
		{538E1A72-4FA7-4FB8-AACA-A617B5D0E312}.Ad-Hoc|x86.Build.0 = Release|iPhone
		{538E1A72-4FA7-4FB8-AACA-A617B5D0E312}.AppStore|Any CPU.ActiveCfg = Release|iPhone
		{538E1A72-4FA7-4FB8-AACA-A617B5D0E312}.AppStore|Any CPU.Build.0 = Release|iPhone
		{538E1A72-4FA7-4FB8-AACA-A617B5D0E312}.AppStore|ARM.ActiveCfg = Release|iPhone
		{538E1A72-4FA7-4FB8-AACA-A617B5D0E312}.AppStore|ARM.Build.0 = Release|iPhone
		{538E1A72-4FA7-4FB8-AACA-A617B5D0E312}.AppStore|iPhone.ActiveCfg = Release|iPhone
		{538E1A72-4FA7-4FB8-AACA-A617B5D0E312}.AppStore|iPhone.Build.0 = Release|iPhone
		{538E1A72-4FA7-4FB8-AACA-A617B5D0E312}.AppStore|iPhoneSimulator.ActiveCfg = Release|iPhoneSimulator
		{538E1A72-4FA7-4FB8-AACA-A617B5D0E312}.AppStore|iPhoneSimulator.Build.0 = Release|iPhoneSimulator
		{538E1A72-4FA7-4FB8-AACA-A617B5D0E312}.AppStore|x64.ActiveCfg = Release|iPhone
		{538E1A72-4FA7-4FB8-AACA-A617B5D0E312}.AppStore|x64.Build.0 = Release|iPhone
		{538E1A72-4FA7-4FB8-AACA-A617B5D0E312}.AppStore|x86.ActiveCfg = Release|iPhone
		{538E1A72-4FA7-4FB8-AACA-A617B5D0E312}.AppStore|x86.Build.0 = Release|iPhone
		{538E1A72-4FA7-4FB8-AACA-A617B5D0E312}.Debug|Any CPU.ActiveCfg = Debug|iPhone
		{538E1A72-4FA7-4FB8-AACA-A617B5D0E312}.Debug|ARM.ActiveCfg = Debug|iPhone
		{538E1A72-4FA7-4FB8-AACA-A617B5D0E312}.Debug|iPhone.ActiveCfg = Debug|iPhone
		{538E1A72-4FA7-4FB8-AACA-A617B5D0E312}.Debug|iPhone.Build.0 = Debug|iPhone
		{538E1A72-4FA7-4FB8-AACA-A617B5D0E312}.Debug|iPhoneSimulator.ActiveCfg = Debug|iPhoneSimulator
		{538E1A72-4FA7-4FB8-AACA-A617B5D0E312}.Debug|iPhoneSimulator.Build.0 = Debug|iPhoneSimulator
		{538E1A72-4FA7-4FB8-AACA-A617B5D0E312}.Debug|x64.ActiveCfg = Debug|iPhone
		{538E1A72-4FA7-4FB8-AACA-A617B5D0E312}.Debug|x86.ActiveCfg = Debug|iPhone
		{538E1A72-4FA7-4FB8-AACA-A617B5D0E312}.Release|Any CPU.ActiveCfg = Release|iPhone
		{538E1A72-4FA7-4FB8-AACA-A617B5D0E312}.Release|ARM.ActiveCfg = Release|iPhone
		{538E1A72-4FA7-4FB8-AACA-A617B5D0E312}.Release|iPhone.ActiveCfg = Release|iPhone
		{538E1A72-4FA7-4FB8-AACA-A617B5D0E312}.Release|iPhone.Build.0 = Release|iPhone
		{538E1A72-4FA7-4FB8-AACA-A617B5D0E312}.Release|iPhoneSimulator.ActiveCfg = Release|iPhoneSimulator
		{538E1A72-4FA7-4FB8-AACA-A617B5D0E312}.Release|iPhoneSimulator.Build.0 = Release|iPhoneSimulator
		{538E1A72-4FA7-4FB8-AACA-A617B5D0E312}.Release|x64.ActiveCfg = Release|iPhone
		{538E1A72-4FA7-4FB8-AACA-A617B5D0E312}.Release|x86.ActiveCfg = Release|iPhone
		{1B2F9AB6-96B4-4745-84EA-81E02C126662}.Ad-Hoc|Any CPU.ActiveCfg = Release|Any CPU
		{1B2F9AB6-96B4-4745-84EA-81E02C126662}.Ad-Hoc|Any CPU.Build.0 = Release|Any CPU
		{1B2F9AB6-96B4-4745-84EA-81E02C126662}.Ad-Hoc|Any CPU.Deploy.0 = Release|Any CPU
		{1B2F9AB6-96B4-4745-84EA-81E02C126662}.Ad-Hoc|ARM.ActiveCfg = Release|Any CPU
		{1B2F9AB6-96B4-4745-84EA-81E02C126662}.Ad-Hoc|ARM.Build.0 = Release|Any CPU
		{1B2F9AB6-96B4-4745-84EA-81E02C126662}.Ad-Hoc|ARM.Deploy.0 = Release|Any CPU
		{1B2F9AB6-96B4-4745-84EA-81E02C126662}.Ad-Hoc|iPhone.ActiveCfg = Release|Any CPU
		{1B2F9AB6-96B4-4745-84EA-81E02C126662}.Ad-Hoc|iPhone.Build.0 = Release|Any CPU
		{1B2F9AB6-96B4-4745-84EA-81E02C126662}.Ad-Hoc|iPhone.Deploy.0 = Release|Any CPU
		{1B2F9AB6-96B4-4745-84EA-81E02C126662}.Ad-Hoc|iPhoneSimulator.ActiveCfg = Release|Any CPU
		{1B2F9AB6-96B4-4745-84EA-81E02C126662}.Ad-Hoc|iPhoneSimulator.Build.0 = Release|Any CPU
		{1B2F9AB6-96B4-4745-84EA-81E02C126662}.Ad-Hoc|iPhoneSimulator.Deploy.0 = Release|Any CPU
		{1B2F9AB6-96B4-4745-84EA-81E02C126662}.Ad-Hoc|x64.ActiveCfg = Release|Any CPU
		{1B2F9AB6-96B4-4745-84EA-81E02C126662}.Ad-Hoc|x64.Build.0 = Release|Any CPU
		{1B2F9AB6-96B4-4745-84EA-81E02C126662}.Ad-Hoc|x64.Deploy.0 = Release|Any CPU
		{1B2F9AB6-96B4-4745-84EA-81E02C126662}.Ad-Hoc|x86.ActiveCfg = Release|Any CPU
		{1B2F9AB6-96B4-4745-84EA-81E02C126662}.Ad-Hoc|x86.Build.0 = Release|Any CPU
		{1B2F9AB6-96B4-4745-84EA-81E02C126662}.Ad-Hoc|x86.Deploy.0 = Release|Any CPU
		{1B2F9AB6-96B4-4745-84EA-81E02C126662}.AppStore|Any CPU.ActiveCfg = Release|Any CPU
		{1B2F9AB6-96B4-4745-84EA-81E02C126662}.AppStore|Any CPU.Build.0 = Release|Any CPU
		{1B2F9AB6-96B4-4745-84EA-81E02C126662}.AppStore|Any CPU.Deploy.0 = Release|Any CPU
		{1B2F9AB6-96B4-4745-84EA-81E02C126662}.AppStore|ARM.ActiveCfg = Release|Any CPU
		{1B2F9AB6-96B4-4745-84EA-81E02C126662}.AppStore|ARM.Build.0 = Release|Any CPU
		{1B2F9AB6-96B4-4745-84EA-81E02C126662}.AppStore|ARM.Deploy.0 = Release|Any CPU
		{1B2F9AB6-96B4-4745-84EA-81E02C126662}.AppStore|iPhone.ActiveCfg = Release|Any CPU
		{1B2F9AB6-96B4-4745-84EA-81E02C126662}.AppStore|iPhone.Build.0 = Release|Any CPU
		{1B2F9AB6-96B4-4745-84EA-81E02C126662}.AppStore|iPhone.Deploy.0 = Release|Any CPU
		{1B2F9AB6-96B4-4745-84EA-81E02C126662}.AppStore|iPhoneSimulator.ActiveCfg = Release|Any CPU
		{1B2F9AB6-96B4-4745-84EA-81E02C126662}.AppStore|iPhoneSimulator.Build.0 = Release|Any CPU
		{1B2F9AB6-96B4-4745-84EA-81E02C126662}.AppStore|iPhoneSimulator.Deploy.0 = Release|Any CPU
		{1B2F9AB6-96B4-4745-84EA-81E02C126662}.AppStore|x64.ActiveCfg = Release|Any CPU
		{1B2F9AB6-96B4-4745-84EA-81E02C126662}.AppStore|x64.Build.0 = Release|Any CPU
		{1B2F9AB6-96B4-4745-84EA-81E02C126662}.AppStore|x64.Deploy.0 = Release|Any CPU
		{1B2F9AB6-96B4-4745-84EA-81E02C126662}.AppStore|x86.ActiveCfg = Release|Any CPU
		{1B2F9AB6-96B4-4745-84EA-81E02C126662}.AppStore|x86.Build.0 = Release|Any CPU
		{1B2F9AB6-96B4-4745-84EA-81E02C126662}.AppStore|x86.Deploy.0 = Release|Any CPU
		{1B2F9AB6-96B4-4745-84EA-81E02C126662}.Debug|Any CPU.ActiveCfg = Debug|Any CPU
		{1B2F9AB6-96B4-4745-84EA-81E02C126662}.Debug|Any CPU.Build.0 = Debug|Any CPU
		{1B2F9AB6-96B4-4745-84EA-81E02C126662}.Debug|Any CPU.Deploy.0 = Debug|Any CPU
		{1B2F9AB6-96B4-4745-84EA-81E02C126662}.Debug|ARM.ActiveCfg = Debug|Any CPU
		{1B2F9AB6-96B4-4745-84EA-81E02C126662}.Debug|ARM.Build.0 = Debug|Any CPU
		{1B2F9AB6-96B4-4745-84EA-81E02C126662}.Debug|ARM.Deploy.0 = Debug|Any CPU
		{1B2F9AB6-96B4-4745-84EA-81E02C126662}.Debug|iPhone.ActiveCfg = Debug|Any CPU
		{1B2F9AB6-96B4-4745-84EA-81E02C126662}.Debug|iPhone.Build.0 = Debug|Any CPU
		{1B2F9AB6-96B4-4745-84EA-81E02C126662}.Debug|iPhone.Deploy.0 = Debug|Any CPU
		{1B2F9AB6-96B4-4745-84EA-81E02C126662}.Debug|iPhoneSimulator.ActiveCfg = Debug|Any CPU
		{1B2F9AB6-96B4-4745-84EA-81E02C126662}.Debug|iPhoneSimulator.Build.0 = Debug|Any CPU
		{1B2F9AB6-96B4-4745-84EA-81E02C126662}.Debug|iPhoneSimulator.Deploy.0 = Debug|Any CPU
		{1B2F9AB6-96B4-4745-84EA-81E02C126662}.Debug|x64.ActiveCfg = Debug|Any CPU
		{1B2F9AB6-96B4-4745-84EA-81E02C126662}.Debug|x64.Build.0 = Debug|Any CPU
		{1B2F9AB6-96B4-4745-84EA-81E02C126662}.Debug|x64.Deploy.0 = Debug|Any CPU
		{1B2F9AB6-96B4-4745-84EA-81E02C126662}.Debug|x86.ActiveCfg = Debug|Any CPU
		{1B2F9AB6-96B4-4745-84EA-81E02C126662}.Debug|x86.Build.0 = Debug|Any CPU
		{1B2F9AB6-96B4-4745-84EA-81E02C126662}.Debug|x86.Deploy.0 = Debug|Any CPU
		{1B2F9AB6-96B4-4745-84EA-81E02C126662}.Release|Any CPU.ActiveCfg = Release|Any CPU
		{1B2F9AB6-96B4-4745-84EA-81E02C126662}.Release|Any CPU.Build.0 = Release|Any CPU
		{1B2F9AB6-96B4-4745-84EA-81E02C126662}.Release|Any CPU.Deploy.0 = Release|Any CPU
		{1B2F9AB6-96B4-4745-84EA-81E02C126662}.Release|ARM.ActiveCfg = Release|Any CPU
		{1B2F9AB6-96B4-4745-84EA-81E02C126662}.Release|ARM.Build.0 = Release|Any CPU
		{1B2F9AB6-96B4-4745-84EA-81E02C126662}.Release|ARM.Deploy.0 = Release|Any CPU
		{1B2F9AB6-96B4-4745-84EA-81E02C126662}.Release|iPhone.ActiveCfg = Release|Any CPU
		{1B2F9AB6-96B4-4745-84EA-81E02C126662}.Release|iPhone.Build.0 = Release|Any CPU
		{1B2F9AB6-96B4-4745-84EA-81E02C126662}.Release|iPhone.Deploy.0 = Release|Any CPU
		{1B2F9AB6-96B4-4745-84EA-81E02C126662}.Release|iPhoneSimulator.ActiveCfg = Release|Any CPU
		{1B2F9AB6-96B4-4745-84EA-81E02C126662}.Release|iPhoneSimulator.Build.0 = Release|Any CPU
		{1B2F9AB6-96B4-4745-84EA-81E02C126662}.Release|iPhoneSimulator.Deploy.0 = Release|Any CPU
		{1B2F9AB6-96B4-4745-84EA-81E02C126662}.Release|x64.ActiveCfg = Release|Any CPU
		{1B2F9AB6-96B4-4745-84EA-81E02C126662}.Release|x64.Build.0 = Release|Any CPU
		{1B2F9AB6-96B4-4745-84EA-81E02C126662}.Release|x64.Deploy.0 = Release|Any CPU
		{1B2F9AB6-96B4-4745-84EA-81E02C126662}.Release|x86.ActiveCfg = Release|Any CPU
		{1B2F9AB6-96B4-4745-84EA-81E02C126662}.Release|x86.Build.0 = Release|Any CPU
		{1B2F9AB6-96B4-4745-84EA-81E02C126662}.Release|x86.Deploy.0 = Release|Any CPU
		{025D3082-EFF4-49C4-8C2D-D56619BA6FDD}.Ad-Hoc|Any CPU.ActiveCfg = Ad-Hoc|iPhone
		{025D3082-EFF4-49C4-8C2D-D56619BA6FDD}.Ad-Hoc|ARM.ActiveCfg = Ad-Hoc|iPhone
		{025D3082-EFF4-49C4-8C2D-D56619BA6FDD}.Ad-Hoc|iPhone.ActiveCfg = Ad-Hoc|iPhone
		{025D3082-EFF4-49C4-8C2D-D56619BA6FDD}.Ad-Hoc|iPhone.Build.0 = Ad-Hoc|iPhone
		{025D3082-EFF4-49C4-8C2D-D56619BA6FDD}.Ad-Hoc|iPhoneSimulator.ActiveCfg = Ad-Hoc|iPhoneSimulator
		{025D3082-EFF4-49C4-8C2D-D56619BA6FDD}.Ad-Hoc|iPhoneSimulator.Build.0 = Ad-Hoc|iPhoneSimulator
		{025D3082-EFF4-49C4-8C2D-D56619BA6FDD}.Ad-Hoc|x64.ActiveCfg = Ad-Hoc|iPhone
		{025D3082-EFF4-49C4-8C2D-D56619BA6FDD}.Ad-Hoc|x86.ActiveCfg = Ad-Hoc|iPhone
		{025D3082-EFF4-49C4-8C2D-D56619BA6FDD}.AppStore|Any CPU.ActiveCfg = AppStore|iPhone
		{025D3082-EFF4-49C4-8C2D-D56619BA6FDD}.AppStore|ARM.ActiveCfg = AppStore|iPhone
		{025D3082-EFF4-49C4-8C2D-D56619BA6FDD}.AppStore|iPhone.ActiveCfg = AppStore|iPhone
		{025D3082-EFF4-49C4-8C2D-D56619BA6FDD}.AppStore|iPhone.Build.0 = AppStore|iPhone
		{025D3082-EFF4-49C4-8C2D-D56619BA6FDD}.AppStore|iPhoneSimulator.ActiveCfg = AppStore|iPhoneSimulator
		{025D3082-EFF4-49C4-8C2D-D56619BA6FDD}.AppStore|iPhoneSimulator.Build.0 = AppStore|iPhoneSimulator
		{025D3082-EFF4-49C4-8C2D-D56619BA6FDD}.AppStore|x64.ActiveCfg = AppStore|iPhone
		{025D3082-EFF4-49C4-8C2D-D56619BA6FDD}.AppStore|x86.ActiveCfg = AppStore|iPhone
		{025D3082-EFF4-49C4-8C2D-D56619BA6FDD}.Debug|Any CPU.ActiveCfg = Debug|iPhone
		{025D3082-EFF4-49C4-8C2D-D56619BA6FDD}.Debug|ARM.ActiveCfg = Debug|iPhone
		{025D3082-EFF4-49C4-8C2D-D56619BA6FDD}.Debug|iPhone.ActiveCfg = Debug|iPhone
		{025D3082-EFF4-49C4-8C2D-D56619BA6FDD}.Debug|iPhone.Build.0 = Debug|iPhone
		{025D3082-EFF4-49C4-8C2D-D56619BA6FDD}.Debug|iPhoneSimulator.ActiveCfg = Debug|iPhoneSimulator
		{025D3082-EFF4-49C4-8C2D-D56619BA6FDD}.Debug|iPhoneSimulator.Build.0 = Debug|iPhoneSimulator
		{025D3082-EFF4-49C4-8C2D-D56619BA6FDD}.Debug|x64.ActiveCfg = Debug|iPhone
		{025D3082-EFF4-49C4-8C2D-D56619BA6FDD}.Debug|x86.ActiveCfg = Debug|iPhone
		{025D3082-EFF4-49C4-8C2D-D56619BA6FDD}.Release|Any CPU.ActiveCfg = Release|iPhone
		{025D3082-EFF4-49C4-8C2D-D56619BA6FDD}.Release|ARM.ActiveCfg = Release|iPhone
		{025D3082-EFF4-49C4-8C2D-D56619BA6FDD}.Release|iPhone.ActiveCfg = Release|iPhone
		{025D3082-EFF4-49C4-8C2D-D56619BA6FDD}.Release|iPhone.Build.0 = Release|iPhone
		{025D3082-EFF4-49C4-8C2D-D56619BA6FDD}.Release|iPhoneSimulator.ActiveCfg = Release|iPhoneSimulator
		{025D3082-EFF4-49C4-8C2D-D56619BA6FDD}.Release|iPhoneSimulator.Build.0 = Release|iPhoneSimulator
		{025D3082-EFF4-49C4-8C2D-D56619BA6FDD}.Release|x64.ActiveCfg = Release|iPhone
		{025D3082-EFF4-49C4-8C2D-D56619BA6FDD}.Release|x86.ActiveCfg = Release|iPhone
		{F627D708-DB8A-4DD9-837C-55CE69105B71}.Ad-Hoc|Any CPU.ActiveCfg = Debug|Any CPU
		{F627D708-DB8A-4DD9-837C-55CE69105B71}.Ad-Hoc|Any CPU.Build.0 = Debug|Any CPU
		{F627D708-DB8A-4DD9-837C-55CE69105B71}.Ad-Hoc|ARM.ActiveCfg = Debug|Any CPU
		{F627D708-DB8A-4DD9-837C-55CE69105B71}.Ad-Hoc|ARM.Build.0 = Debug|Any CPU
		{F627D708-DB8A-4DD9-837C-55CE69105B71}.Ad-Hoc|iPhone.ActiveCfg = Debug|Any CPU
		{F627D708-DB8A-4DD9-837C-55CE69105B71}.Ad-Hoc|iPhone.Build.0 = Debug|Any CPU
		{F627D708-DB8A-4DD9-837C-55CE69105B71}.Ad-Hoc|iPhoneSimulator.ActiveCfg = Debug|Any CPU
		{F627D708-DB8A-4DD9-837C-55CE69105B71}.Ad-Hoc|iPhoneSimulator.Build.0 = Debug|Any CPU
		{F627D708-DB8A-4DD9-837C-55CE69105B71}.Ad-Hoc|x64.ActiveCfg = Debug|Any CPU
		{F627D708-DB8A-4DD9-837C-55CE69105B71}.Ad-Hoc|x64.Build.0 = Debug|Any CPU
		{F627D708-DB8A-4DD9-837C-55CE69105B71}.Ad-Hoc|x86.ActiveCfg = Debug|Any CPU
		{F627D708-DB8A-4DD9-837C-55CE69105B71}.Ad-Hoc|x86.Build.0 = Debug|Any CPU
		{F627D708-DB8A-4DD9-837C-55CE69105B71}.AppStore|Any CPU.ActiveCfg = Debug|Any CPU
		{F627D708-DB8A-4DD9-837C-55CE69105B71}.AppStore|Any CPU.Build.0 = Debug|Any CPU
		{F627D708-DB8A-4DD9-837C-55CE69105B71}.AppStore|ARM.ActiveCfg = Debug|Any CPU
		{F627D708-DB8A-4DD9-837C-55CE69105B71}.AppStore|ARM.Build.0 = Debug|Any CPU
		{F627D708-DB8A-4DD9-837C-55CE69105B71}.AppStore|iPhone.ActiveCfg = Debug|Any CPU
		{F627D708-DB8A-4DD9-837C-55CE69105B71}.AppStore|iPhone.Build.0 = Debug|Any CPU
		{F627D708-DB8A-4DD9-837C-55CE69105B71}.AppStore|iPhoneSimulator.ActiveCfg = Debug|Any CPU
		{F627D708-DB8A-4DD9-837C-55CE69105B71}.AppStore|iPhoneSimulator.Build.0 = Debug|Any CPU
		{F627D708-DB8A-4DD9-837C-55CE69105B71}.AppStore|x64.ActiveCfg = Debug|Any CPU
		{F627D708-DB8A-4DD9-837C-55CE69105B71}.AppStore|x64.Build.0 = Debug|Any CPU
		{F627D708-DB8A-4DD9-837C-55CE69105B71}.AppStore|x86.ActiveCfg = Debug|Any CPU
		{F627D708-DB8A-4DD9-837C-55CE69105B71}.AppStore|x86.Build.0 = Debug|Any CPU
		{F627D708-DB8A-4DD9-837C-55CE69105B71}.Debug|Any CPU.ActiveCfg = Debug|Any CPU
		{F627D708-DB8A-4DD9-837C-55CE69105B71}.Debug|Any CPU.Build.0 = Debug|Any CPU
		{F627D708-DB8A-4DD9-837C-55CE69105B71}.Debug|ARM.ActiveCfg = Debug|Any CPU
		{F627D708-DB8A-4DD9-837C-55CE69105B71}.Debug|ARM.Build.0 = Debug|Any CPU
		{F627D708-DB8A-4DD9-837C-55CE69105B71}.Debug|iPhone.ActiveCfg = Debug|Any CPU
		{F627D708-DB8A-4DD9-837C-55CE69105B71}.Debug|iPhone.Build.0 = Debug|Any CPU
		{F627D708-DB8A-4DD9-837C-55CE69105B71}.Debug|iPhoneSimulator.ActiveCfg = Debug|Any CPU
		{F627D708-DB8A-4DD9-837C-55CE69105B71}.Debug|iPhoneSimulator.Build.0 = Debug|Any CPU
		{F627D708-DB8A-4DD9-837C-55CE69105B71}.Debug|x64.ActiveCfg = Debug|Any CPU
		{F627D708-DB8A-4DD9-837C-55CE69105B71}.Debug|x64.Build.0 = Debug|Any CPU
		{F627D708-DB8A-4DD9-837C-55CE69105B71}.Debug|x86.ActiveCfg = Debug|Any CPU
		{F627D708-DB8A-4DD9-837C-55CE69105B71}.Debug|x86.Build.0 = Debug|Any CPU
		{F627D708-DB8A-4DD9-837C-55CE69105B71}.Release|Any CPU.ActiveCfg = Release|Any CPU
		{F627D708-DB8A-4DD9-837C-55CE69105B71}.Release|Any CPU.Build.0 = Release|Any CPU
		{F627D708-DB8A-4DD9-837C-55CE69105B71}.Release|ARM.ActiveCfg = Release|Any CPU
		{F627D708-DB8A-4DD9-837C-55CE69105B71}.Release|ARM.Build.0 = Release|Any CPU
		{F627D708-DB8A-4DD9-837C-55CE69105B71}.Release|iPhone.ActiveCfg = Release|Any CPU
		{F627D708-DB8A-4DD9-837C-55CE69105B71}.Release|iPhone.Build.0 = Release|Any CPU
		{F627D708-DB8A-4DD9-837C-55CE69105B71}.Release|iPhoneSimulator.ActiveCfg = Release|Any CPU
		{F627D708-DB8A-4DD9-837C-55CE69105B71}.Release|iPhoneSimulator.Build.0 = Release|Any CPU
		{F627D708-DB8A-4DD9-837C-55CE69105B71}.Release|x64.ActiveCfg = Release|Any CPU
		{F627D708-DB8A-4DD9-837C-55CE69105B71}.Release|x64.Build.0 = Release|Any CPU
		{F627D708-DB8A-4DD9-837C-55CE69105B71}.Release|x86.ActiveCfg = Release|Any CPU
		{F627D708-DB8A-4DD9-837C-55CE69105B71}.Release|x86.Build.0 = Release|Any CPU
	EndGlobalSection
	GlobalSection(SolutionProperties) = preSolution
		HideSolutionNode = FALSE
	EndGlobalSection
	GlobalSection(NestedProjects) = preSolution
		{9564B869-AE97-4F40-9474-A8CCBD2A6CDB} = {DD8AE890-E72B-4E8B-8EC4-DE4E4379DB99}
		{17131540-48E0-4EB9-9CBD-A34722EB1091} = {DD8AE890-E72B-4E8B-8EC4-DE4E4379DB99}
		{42B518F8-6589-464F-B121-D3D2ED496508} = {DD8AE890-E72B-4E8B-8EC4-DE4E4379DB99}
		{B19C892E-2628-4CA7-AD27-08D406A3B14B} = {DD8AE890-E72B-4E8B-8EC4-DE4E4379DB99}
		{B6EB374B-1406-4BBB-AB17-D47633B4E14A} = {34C609A9-2A9B-4F27-9E2B-B90825A0EE75}
		{538E1A72-4FA7-4FB8-AACA-A617B5D0E312} = {34C609A9-2A9B-4F27-9E2B-B90825A0EE75}
		{3508E66A-2840-4312-9146-AF8CBC01328D} = {34C609A9-2A9B-4F27-9E2B-B90825A0EE75}
		{1B2F9AB6-96B4-4745-84EA-81E02C126662} = {C277842B-530F-4BE9-AC7B-97307D3E6B22}
		{025D3082-EFF4-49C4-8C2D-D56619BA6FDD} = {C277842B-530F-4BE9-AC7B-97307D3E6B22}
		{F627D708-DB8A-4DD9-837C-55CE69105B71} = {C277842B-530F-4BE9-AC7B-97307D3E6B22}
	EndGlobalSection
	GlobalSection(ExtensibilityGlobals) = postSolution
		SolutionGuid = {D3680F83-0C0A-4CAF-B045-8BC48D86FD8E}
	EndGlobalSection
EndGlobal
